
Microsoft Visual Studio Solution File, Format Version 12.00
# Visual Studio 2013
VisualStudioVersion = 12.0.30110.0
MinimumVisualStudioVersion = 10.0.40219.1
Project("{FAE04EC0-301F-11D3-BF4B-00C04F79EFBC}") = "MMDFilePaser", "MMDFileParser\MMDFilePaser.csproj", "{3DF05446-6065-4EBB-9BCC-075A0D91DDA0}"
EndProject
Project("{2150E333-8FDC-42A3-9474-1A3956D46DE8}") = ".nuget", ".nuget", "{5354051E-8095-484C-80CD-EB8D1CE106AA}"
	ProjectSection(SolutionItems) = preProject
		.nuget\NuGet.Config = .nuget\NuGet.Config
		.nuget\NuGet.exe = .nuget\NuGet.exe
		.nuget\NuGet.targets = .nuget\NuGet.targets
	EndProjectSection
EndProject
Project("{FAE04EC0-301F-11D3-BF4B-00C04F79EFBC}") = "MikuMikuFlex", "MikuMikuFlex\MikuMikuFlex.csproj", "{A04F1A52-5EFD-402A-A207-B239EA15DF55}"
EndProject
Project("{FAE04EC0-301F-11D3-BF4B-00C04F79EFBC}") = "MMFTest", "MMFTest\MMFTest.csproj", "{738D5C23-7A1E-4F1F-97AC-4A390EFA0295}"
EndProject
Project("{2150E333-8FDC-42A3-9474-1A3956D46DE8}") = "Samples", "Samples", "{A86591B8-E524-4D62-90B9-1A27AE19C37A}"
EndProject
Project("{FAE04EC0-301F-11D3-BF4B-00C04F79EFBC}") = "01 Initialize3DCGToYourForm", "..\Samples\01 3D空間をフォームに描画させよう!\01 Initialize3DCGToYourForm.csproj", "{96BB967E-7FBA-4005-BD45-A76CA8E0C403}"
EndProject
Project("{FAE04EC0-301F-11D3-BF4B-00C04F79EFBC}") = "02 SimpleRenderPMX", "..\Samples\02 PMXモデルを表示しよう\02 SimpleRenderPMX.csproj", "{97BBC7EC-87F6-4FED-9FB0-5988B7380E27}"
EndProject
Project("{FAE04EC0-301F-11D3-BF4B-00C04F79EFBC}") = "03 PMXにモーションを適用してみよう", "..\Samples\03 PMXにモーションを適用してみよう\03 PMXにモーションを適用してみよう.csproj", "{6BA57C13-1A21-43B7-A281-224D6870F1AF}"
EndProject
Project("{FAE04EC0-301F-11D3-BF4B-00C04F79EFBC}") = "04 TransformModelFormCode", "..\Samples\04 モデルをプログラムから動かす\04 TransformModelFormCode.csproj", "{27F808FA-8EE8-4DF8-BE67-0081FE37D8A6}"
EndProject
Project("{FAE04EC0-301F-11D3-BF4B-00C04F79EFBC}") = "05 HowToUpdateCamera", "..\Samples\05 カメラの動かし方を学ぶ\05 HowToUpdateCamera.csproj", "{32D6C0EA-3416-4E5E-AF1E-6351F5E4CE6A}"
EndProject
Project("{FAE04EC0-301F-11D3-BF4B-00C04F79EFBC}") = "06 MoveBoneAndMorphFromCode", "..\Samples\06 ボーンとモーフをプログラムから動かす\06 MoveBoneAndMorphFromCode.csproj", "{2EF82AC0-A66E-4E66-895B-DD82B4E54BCF}"
EndProject
Project("{FAE04EC0-301F-11D3-BF4B-00C04F79EFBC}") = "07 Drawing2DToRenderForm", "..\Samples\07 2D描画事始め\07 Drawing2DToRenderForm.csproj", "{A632A0A0-9AEE-41B3-9207-415B5BFCC0F8}"
EndProject
Project("{FAE04EC0-301F-11D3-BF4B-00C04F79EFBC}") = "08 MultiScreenRendering", "..\Samples\08 複数画面の描画\08 MultiScreenRendering.csproj", "{1DDB1676-D617-45AF-9591-458F771EB862}"
EndProject
Project("{FAE04EC0-301F-11D3-BF4B-00C04F79EFBC}") = "09 Render3DCGToUserControl", "..\Samples\09 3DCG画面をボタンなどと共存させる\09 Render3DCGToUserControl.csproj", "{4A946BF6-EB25-4117-8929-CE59465307AF}"
EndProject
Project("{FAE04EC0-301F-11D3-BF4B-00C04F79EFBC}") = "10 MMFForWPF1", "..\Samples\10 WPFを利用してみる1\10 MMFForWPF1.csproj", "{303C12EB-811F-41D6-9F54-DE604C8BAD1C}"
EndProject
Project("{FAE04EC0-301F-11D3-BF4B-00C04F79EFBC}") = "10.5 WPFでウィジィットを作る", "..\Samples\10.5 WPFでウィジィットを作る\10.5 WPFでウィジィットを作る.csproj", "{765BE767-1CC2-4C37-9466-C5D339D5749A}"
EndProject
Project("{2150E333-8FDC-42A3-9474-1A3956D46DE8}") = "Tool", "Tool", "{EF3F8CFC-35E4-4E0F-AB67-D12362B2F1D4}"
EndProject
Project("{FAE04EC0-301F-11D3-BF4B-00C04F79EFBC}") = "VMD2VME", "..\Tools\VMD2VME\VMD2VME\VMD2VME\VMD2VME.csproj", "{17EB18B9-ACF1-4569-A77E-5F6C32E85F2E}"
EndProject
Global
	GlobalSection(SolutionConfigurationPlatforms) = preSolution
		Debug|Any CPU = Debug|Any CPU
		Release|Any CPU = Release|Any CPU
	EndGlobalSection
	GlobalSection(ProjectConfigurationPlatforms) = postSolution
		{3DF05446-6065-4EBB-9BCC-075A0D91DDA0}.Debug|Any CPU.ActiveCfg = Debug|Any CPU
		{3DF05446-6065-4EBB-9BCC-075A0D91DDA0}.Debug|Any CPU.Build.0 = Debug|Any CPU
		{3DF05446-6065-4EBB-9BCC-075A0D91DDA0}.Release|Any CPU.ActiveCfg = Release|Any CPU
		{3DF05446-6065-4EBB-9BCC-075A0D91DDA0}.Release|Any CPU.Build.0 = Release|Any CPU
		{A04F1A52-5EFD-402A-A207-B239EA15DF55}.Debug|Any CPU.ActiveCfg = Debug|Any CPU
		{A04F1A52-5EFD-402A-A207-B239EA15DF55}.Debug|Any CPU.Build.0 = Debug|Any CPU
		{A04F1A52-5EFD-402A-A207-B239EA15DF55}.Release|Any CPU.ActiveCfg = Release|Any CPU
		{A04F1A52-5EFD-402A-A207-B239EA15DF55}.Release|Any CPU.Build.0 = Release|Any CPU
		{738D5C23-7A1E-4F1F-97AC-4A390EFA0295}.Debug|Any CPU.ActiveCfg = Debug|Any CPU
		{738D5C23-7A1E-4F1F-97AC-4A390EFA0295}.Debug|Any CPU.Build.0 = Debug|Any CPU
		{738D5C23-7A1E-4F1F-97AC-4A390EFA0295}.Release|Any CPU.ActiveCfg = Release|Any CPU
		{738D5C23-7A1E-4F1F-97AC-4A390EFA0295}.Release|Any CPU.Build.0 = Release|Any CPU
		{96BB967E-7FBA-4005-BD45-A76CA8E0C403}.Debug|Any CPU.ActiveCfg = Debug|Any CPU
		{96BB967E-7FBA-4005-BD45-A76CA8E0C403}.Debug|Any CPU.Build.0 = Debug|Any CPU
		{96BB967E-7FBA-4005-BD45-A76CA8E0C403}.Release|Any CPU.ActiveCfg = Release|Any CPU
		{96BB967E-7FBA-4005-BD45-A76CA8E0C403}.Release|Any CPU.Build.0 = Release|Any CPU
		{97BBC7EC-87F6-4FED-9FB0-5988B7380E27}.Debug|Any CPU.ActiveCfg = Debug|Any CPU
		{97BBC7EC-87F6-4FED-9FB0-5988B7380E27}.Debug|Any CPU.Build.0 = Debug|Any CPU
		{97BBC7EC-87F6-4FED-9FB0-5988B7380E27}.Release|Any CPU.ActiveCfg = Release|Any CPU
		{97BBC7EC-87F6-4FED-9FB0-5988B7380E27}.Release|Any CPU.Build.0 = Release|Any CPU
		{6BA57C13-1A21-43B7-A281-224D6870F1AF}.Debug|Any CPU.ActiveCfg = Debug|Any CPU
		{6BA57C13-1A21-43B7-A281-224D6870F1AF}.Debug|Any CPU.Build.0 = Debug|Any CPU
		{6BA57C13-1A21-43B7-A281-224D6870F1AF}.Release|Any CPU.ActiveCfg = Release|Any CPU
		{6BA57C13-1A21-43B7-A281-224D6870F1AF}.Release|Any CPU.Build.0 = Release|Any CPU
		{27F808FA-8EE8-4DF8-BE67-0081FE37D8A6}.Debug|Any CPU.ActiveCfg = Debug|Any CPU
		{27F808FA-8EE8-4DF8-BE67-0081FE37D8A6}.Debug|Any CPU.Build.0 = Debug|Any CPU
		{27F808FA-8EE8-4DF8-BE67-0081FE37D8A6}.Release|Any CPU.ActiveCfg = Release|Any CPU
		{27F808FA-8EE8-4DF8-BE67-0081FE37D8A6}.Release|Any CPU.Build.0 = Release|Any CPU
		{32D6C0EA-3416-4E5E-AF1E-6351F5E4CE6A}.Debug|Any CPU.ActiveCfg = Debug|Any CPU
		{32D6C0EA-3416-4E5E-AF1E-6351F5E4CE6A}.Debug|Any CPU.Build.0 = Debug|Any CPU
		{32D6C0EA-3416-4E5E-AF1E-6351F5E4CE6A}.Release|Any CPU.ActiveCfg = Release|Any CPU
		{32D6C0EA-3416-4E5E-AF1E-6351F5E4CE6A}.Release|Any CPU.Build.0 = Release|Any CPU
		{2EF82AC0-A66E-4E66-895B-DD82B4E54BCF}.Debug|Any CPU.ActiveCfg = Debug|Any CPU
		{2EF82AC0-A66E-4E66-895B-DD82B4E54BCF}.Debug|Any CPU.Build.0 = Debug|Any CPU
		{2EF82AC0-A66E-4E66-895B-DD82B4E54BCF}.Release|Any CPU.ActiveCfg = Release|Any CPU
		{2EF82AC0-A66E-4E66-895B-DD82B4E54BCF}.Release|Any CPU.Build.0 = Release|Any CPU
		{A632A0A0-9AEE-41B3-9207-415B5BFCC0F8}.Debug|Any CPU.ActiveCfg = Debug|Any CPU
		{A632A0A0-9AEE-41B3-9207-415B5BFCC0F8}.Debug|Any CPU.Build.0 = Debug|Any CPU
		{A632A0A0-9AEE-41B3-9207-415B5BFCC0F8}.Release|Any CPU.ActiveCfg = Release|Any CPU
		{A632A0A0-9AEE-41B3-9207-415B5BFCC0F8}.Release|Any CPU.Build.0 = Release|Any CPU
		{1DDB1676-D617-45AF-9591-458F771EB862}.Debug|Any CPU.ActiveCfg = Debug|Any CPU
		{1DDB1676-D617-45AF-9591-458F771EB862}.Debug|Any CPU.Build.0 = Debug|Any CPU
		{1DDB1676-D617-45AF-9591-458F771EB862}.Release|Any CPU.ActiveCfg = Release|Any CPU
		{1DDB1676-D617-45AF-9591-458F771EB862}.Release|Any CPU.Build.0 = Release|Any CPU
		{4A946BF6-EB25-4117-8929-CE59465307AF}.Debug|Any CPU.ActiveCfg = Debug|Any CPU
		{4A946BF6-EB25-4117-8929-CE59465307AF}.Debug|Any CPU.Build.0 = Debug|Any CPU
		{4A946BF6-EB25-4117-8929-CE59465307AF}.Release|Any CPU.ActiveCfg = Release|Any CPU
		{4A946BF6-EB25-4117-8929-CE59465307AF}.Release|Any CPU.Build.0 = Release|Any CPU
		{303C12EB-811F-41D6-9F54-DE604C8BAD1C}.Debug|Any CPU.ActiveCfg = Debug|Any CPU
		{303C12EB-811F-41D6-9F54-DE604C8BAD1C}.Debug|Any CPU.Build.0 = Debug|Any CPU
		{303C12EB-811F-41D6-9F54-DE604C8BAD1C}.Release|Any CPU.ActiveCfg = Release|Any CPU
		{303C12EB-811F-41D6-9F54-DE604C8BAD1C}.Release|Any CPU.Build.0 = Release|Any CPU
		{765BE767-1CC2-4C37-9466-C5D339D5749A}.Debug|Any CPU.ActiveCfg = Debug|Any CPU
		{765BE767-1CC2-4C37-9466-C5D339D5749A}.Debug|Any CPU.Build.0 = Debug|Any CPU
		{765BE767-1CC2-4C37-9466-C5D339D5749A}.Release|Any CPU.ActiveCfg = Release|Any CPU
		{765BE767-1CC2-4C37-9466-C5D339D5749A}.Release|Any CPU.Build.0 = Release|Any CPU
		{17EB18B9-ACF1-4569-A77E-5F6C32E85F2E}.Debug|Any CPU.ActiveCfg = Debug|Any CPU
		{17EB18B9-ACF1-4569-A77E-5F6C32E85F2E}.Debug|Any CPU.Build.0 = Debug|Any CPU
		{17EB18B9-ACF1-4569-A77E-5F6C32E85F2E}.Release|Any CPU.ActiveCfg = Release|Any CPU
		{17EB18B9-ACF1-4569-A77E-5F6C32E85F2E}.Release|Any CPU.Build.0 = Release|Any CPU
	EndGlobalSection
	GlobalSection(SolutionProperties) = preSolution
		HideSolutionNode = FALSE
	EndGlobalSection
	GlobalSection(NestedProjects) = preSolution
		{96BB967E-7FBA-4005-BD45-A76CA8E0C403} = {A86591B8-E524-4D62-90B9-1A27AE19C37A}
		{97BBC7EC-87F6-4FED-9FB0-5988B7380E27} = {A86591B8-E524-4D62-90B9-1A27AE19C37A}
		{6BA57C13-1A21-43B7-A281-224D6870F1AF} = {A86591B8-E524-4D62-90B9-1A27AE19C37A}
		{27F808FA-8EE8-4DF8-BE67-0081FE37D8A6} = {A86591B8-E524-4D62-90B9-1A27AE19C37A}
		{32D6C0EA-3416-4E5E-AF1E-6351F5E4CE6A} = {A86591B8-E524-4D62-90B9-1A27AE19C37A}
		{2EF82AC0-A66E-4E66-895B-DD82B4E54BCF} = {A86591B8-E524-4D62-90B9-1A27AE19C37A}
		{A632A0A0-9AEE-41B3-9207-415B5BFCC0F8} = {A86591B8-E524-4D62-90B9-1A27AE19C37A}
		{1DDB1676-D617-45AF-9591-458F771EB862} = {A86591B8-E524-4D62-90B9-1A27AE19C37A}
		{4A946BF6-EB25-4117-8929-CE59465307AF} = {A86591B8-E524-4D62-90B9-1A27AE19C37A}
		{303C12EB-811F-41D6-9F54-DE604C8BAD1C} = {A86591B8-E524-4D62-90B9-1A27AE19C37A}
		{765BE767-1CC2-4C37-9466-C5D339D5749A} = {A86591B8-E524-4D62-90B9-1A27AE19C37A}
		{17EB18B9-ACF1-4569-A77E-5F6C32E85F2E} = {EF3F8CFC-35E4-4E0F-AB67-D12362B2F1D4}
	EndGlobalSection
EndGlobal
