
Microsoft Visual Studio Solution File, Format Version 12.00
# Visual Studio 2012
Project("{FAE04EC0-301F-11D3-BF4B-00C04F79EFBC}") = "01 Initialize3DCGToYourForm", "01 Initialize3DCGToYourForm.csproj", "{96BB967E-7FBA-4005-BD45-A76CA8E0C403}"
EndProject
Global
	GlobalSection(SolutionConfigurationPlatforms) = preSolution
		Debug|Any CPU = Debug|Any CPU
		Release|Any CPU = Release|Any CPU
	EndGlobalSection
	GlobalSection(ProjectConfigurationPlatforms) = postSolution
		{96BB967E-7FBA-4005-BD45-A76CA8E0C403}.Debug|Any CPU.ActiveCfg = Debug|Any CPU
		{96BB967E-7FBA-4005-BD45-A76CA8E0C403}.Debug|Any CPU.Build.0 = Debug|Any CPU
		{96BB967E-7FBA-4005-BD45-A76CA8E0C403}.Release|Any CPU.ActiveCfg = Release|Any CPU
		{96BB967E-7FBA-4005-BD45-A76CA8E0C403}.Release|Any CPU.Build.0 = Release|Any CPU
	EndGlobalSection
	GlobalSection(SolutionProperties) = preSolution
		HideSolutionNode = FALSE
	EndGlobalSection
EndGlobal
