
Microsoft Visual Studio Solution File, Format Version 12.00
# Visual Studio 2012
Project("{FAE04EC0-301F-11D3-BF4B-00C04F79EFBC}") = "05 HowToUpdateCamera", "05 HowToUpdateCamera.csproj", "{32D6C0EA-3416-4E5E-AF1E-6351F5E4CE6A}"
EndProject
Global
	GlobalSection(SolutionConfigurationPlatforms) = preSolution
		Debug|Any CPU = Debug|Any CPU
		Release|Any CPU = Release|Any CPU
	EndGlobalSection
	GlobalSection(ProjectConfigurationPlatforms) = postSolution
		{32D6C0EA-3416-4E5E-AF1E-6351F5E4CE6A}.Debug|Any CPU.ActiveCfg = Debug|Any CPU
		{32D6C0EA-3416-4E5E-AF1E-6351F5E4CE6A}.Debug|Any CPU.Build.0 = Debug|Any CPU
		{32D6C0EA-3416-4E5E-AF1E-6351F5E4CE6A}.Release|Any CPU.ActiveCfg = Release|Any CPU
		{32D6C0EA-3416-4E5E-AF1E-6351F5E4CE6A}.Release|Any CPU.Build.0 = Release|Any CPU
	EndGlobalSection
	GlobalSection(SolutionProperties) = preSolution
		HideSolutionNode = FALSE
	EndGlobalSection
EndGlobal
